
Microsoft Visual Studio Solution File, Format Version 12.00
# Visual Studio Version 16
VisualStudioVersion = 16.0.30907.101
MinimumVisualStudioVersion = 10.0.40219.1
Project("{FAE04EC0-301F-11D3-BF4B-00C04F79EFBC}") = "CRUDFarmacia", "CRUDFarmacia\CRUDFarmacia.csproj", "{F38CCFB3-54A3-45F2-9DCF-5E87831086F6}"
EndProject
Global
	GlobalSection(SolutionConfigurationPlatforms) = preSolution
		Debug|Any CPU = Debug|Any CPU
		Release|Any CPU = Release|Any CPU
	EndGlobalSection
	GlobalSection(ProjectConfigurationPlatforms) = postSolution
		{F38CCFB3-54A3-45F2-9DCF-5E87831086F6}.Debug|Any CPU.ActiveCfg = Debug|Any CPU
		{F38CCFB3-54A3-45F2-9DCF-5E87831086F6}.Debug|Any CPU.Build.0 = Debug|Any CPU
		{F38CCFB3-54A3-45F2-9DCF-5E87831086F6}.Release|Any CPU.ActiveCfg = Release|Any CPU
		{F38CCFB3-54A3-45F2-9DCF-5E87831086F6}.Release|Any CPU.Build.0 = Release|Any CPU
	EndGlobalSection
	GlobalSection(SolutionProperties) = preSolution
		HideSolutionNode = FALSE
	EndGlobalSection
	GlobalSection(ExtensibilityGlobals) = postSolution
		SolutionGuid = {C28E4450-95C4-44CE-9AC3-64FCE5CCE7FE}
	EndGlobalSection
EndGlobal
